github.com/alitto/pond v1.5.1 h1:HwOA8M/QB8lpkqzj8lnCEvC+44lHbPrrD5qHaJ9HRYI=
github.com/alitto/pond v1.5.1/go.mod h1:LPLCPu5q4FAhvZsJB9OsNcXE+pUMu7lwf7fzPZH0HPs=
github.com/gammazero/deque v0.1.0 h1:f9LnNmq66VDeuAlSAapemq/U7hJ2jpIWa4c09q8Dlik=
github.com/gammazero/deque v0.1.0/go.mod h1:KQw7vFau1hHuM8xmI9RbgKFbAsQFWmBpqQ2KenFLk6M=
github.com/gammazero/workerpool v1.1.2 h1:vuioDQbgrz4HoaCi2q1HLlOXdpbap5AET7xu5/qj87g=
github.com/gammazero/workerpool v1.1.2/go.mod h1:UelbXcO0zCIGFcufcirHhq2/xtLXJdQ29qZNlXG9OjQ=
